<?xml version="1.0" encoding="utf-8"?>
<Project ToolsVersion="17.0" xmlns="http://schemas.microsoft.com/developer/msbuild/2003">
  <ItemGroup>
    <CustomBuild Include="D:\LTG3\Survival\proj.win32\CMakeFiles\394db004347c4bce7929c1266d532049\generate.stamp.rule">
      <Filter>CMake Rules</Filter>
    </CustomBuild>
  </ItemGroup>
  <ItemGroup>
    <Filter Include="CMake Rules">
      <UniqueIdentifier>{DE221E04-3201-3B15-B426-53833D1010EB}</UniqueIdentifier>
    </Filter>
  </ItemGroup>
</Project>
